
Microsoft Visual Studio Solution File, Format Version 12.00
Project("{F2A71F9B-5D33-465A-A702-920D77279786}") = "Day01", "Day01\Day01.fsproj", "{13C90DCD-3512-46AB-A8C2-7337FD14339E}"
EndProject
Project("{F2A71F9B-5D33-465A-A702-920D77279786}") = "Day02", "Day02\Day02.fsproj", "{E27889A0-1016-402B-AB60-55F16267742D}"
EndProject
Project("{F2A71F9B-5D33-465A-A702-920D77279786}") = "AoC", "AoC\AoC.fsproj", "{D22139C2-33F2-4D0A-8C02-45D249CAE58F}"
EndProject
Project("{F2A71F9B-5D33-465A-A702-920D77279786}") = "Day03", "Day03\Day03.fsproj", "{2C8228F4-AB42-4299-BD88-E6564B80AC67}"
EndProject
Project("{F2A71F9B-5D33-465A-A702-920D77279786}") = "Day04", "Day04\Day04.fsproj", "{E346D455-FD70-4036-BFF0-B4EE45CA5297}"
EndProject
Project("{F2A71F9B-5D33-465A-A702-920D77279786}") = "Day05", "Day05\Day05.fsproj", "{D0018C13-7DB6-4CED-82D8-43C78B1DF6CF}"
EndProject
Project("{F2A71F9B-5D33-465A-A702-920D77279786}") = "Day06", "Day06\Day06.fsproj", "{D57EF631-98BD-47C1-ADB2-34025E418DCA}"
EndProject
Project("{F2A71F9B-5D33-465A-A702-920D77279786}") = "Day07", "Day07\Day07.fsproj", "{B7BD0B0E-9BE1-406B-8DA7-0A1A8CD165EE}"
EndProject
Project("{F2A71F9B-5D33-465A-A702-920D77279786}") = "Day08", "Day08\Day08.fsproj", "{095E6C32-078C-4B29-AC4A-BA7141E35F0D}"
EndProject
Project("{F2A71F9B-5D33-465A-A702-920D77279786}") = "Day09", "Day09\Day09.fsproj", "{13C255D4-453E-42FF-B7D2-56625A973847}"
EndProject
Project("{F2A71F9B-5D33-465A-A702-920D77279786}") = "Day10", "Day10\Day10.fsproj", "{D441DAB1-C034-45A3-B8EC-A44F7E64D010}"
EndProject
Project("{F2A71F9B-5D33-465A-A702-920D77279786}") = "Day11", "Day11\Day11.fsproj", "{CD4F7C81-7E12-403A-ABAB-D1C332F6FD5E}"
EndProject
Project("{F2A71F9B-5D33-465A-A702-920D77279786}") = "Day12", "Day12\Day12.fsproj", "{3C928140-CF6C-46CC-9B53-F53C6A58483A}"
EndProject
Project("{F2A71F9B-5D33-465A-A702-920D77279786}") = "Day13", "Day13\Day13.fsproj", "{130EBB38-4022-4A6B-8E16-879A617F5BFA}"
EndProject
Project("{F2A71F9B-5D33-465A-A702-920D77279786}") = "Day14", "Day14\Day14.fsproj", "{2EB0608B-0470-4FCD-B44A-8BD086C8D546}"
EndProject
Project("{F2A71F9B-5D33-465A-A702-920D77279786}") = "Day15", "Day15\Day15.fsproj", "{F1C1286F-FD83-4794-9CF6-6BDFBFEAFD3C}"
EndProject
Project("{F2A71F9B-5D33-465A-A702-920D77279786}") = "Day16", "Day16\Day16.fsproj", "{890B0A76-EB18-4521-838C-8F6296167010}"
EndProject
Project("{F2A71F9B-5D33-465A-A702-920D77279786}") = "Day17", "Day17\Day17.fsproj", "{8E6ECBC1-BA3D-4683-ADCC-672617872AD7}"
EndProject
Project("{F2A71F9B-5D33-465A-A702-920D77279786}") = "Day18", "Day18\Day18.fsproj", "{15D415AF-8DC8-4500-83FF-843A234A74F2}"
EndProject
Project("{F2A71F9B-5D33-465A-A702-920D77279786}") = "Day19", "Day19\Day19.fsproj", "{A1FD71D6-18B1-4064-A06F-13F09FE4BED6}"
EndProject
Project("{F2A71F9B-5D33-465A-A702-920D77279786}") = "Day20", "Day20\Day20.fsproj", "{22F012C3-75FC-47A6-9539-1C76578BE731}"
EndProject
Project("{F2A71F9B-5D33-465A-A702-920D77279786}") = "Day21", "Day21\Day21.fsproj", "{23C80478-9465-4E7A-914A-71FFAC2C0555}"
EndProject
Project("{F2A71F9B-5D33-465A-A702-920D77279786}") = "Day22", "Day22\Day22.fsproj", "{24E3AA98-BC1F-4690-88CF-D341847D3852}"
EndProject
Project("{F2A71F9B-5D33-465A-A702-920D77279786}") = "Day23", "Day23\Day23.fsproj", "{02EA2B92-A858-46F9-BF95-FED8E5AB36BA}"
EndProject
Project("{F2A71F9B-5D33-465A-A702-920D77279786}") = "Day24", "Day24\Day24.fsproj", "{FB4F0529-DEA0-40CE-AD5E-648142C9FD20}"
EndProject
Global
	GlobalSection(SolutionConfigurationPlatforms) = preSolution
		Debug|Any CPU = Debug|Any CPU
		Release|Any CPU = Release|Any CPU
	EndGlobalSection
	GlobalSection(ProjectConfigurationPlatforms) = postSolution
		{13C90DCD-3512-46AB-A8C2-7337FD14339E}.Debug|Any CPU.ActiveCfg = Debug|Any CPU
		{13C90DCD-3512-46AB-A8C2-7337FD14339E}.Debug|Any CPU.Build.0 = Debug|Any CPU
		{13C90DCD-3512-46AB-A8C2-7337FD14339E}.Release|Any CPU.ActiveCfg = Release|Any CPU
		{13C90DCD-3512-46AB-A8C2-7337FD14339E}.Release|Any CPU.Build.0 = Release|Any CPU
		{E27889A0-1016-402B-AB60-55F16267742D}.Debug|Any CPU.ActiveCfg = Debug|Any CPU
		{E27889A0-1016-402B-AB60-55F16267742D}.Debug|Any CPU.Build.0 = Debug|Any CPU
		{E27889A0-1016-402B-AB60-55F16267742D}.Release|Any CPU.ActiveCfg = Release|Any CPU
		{E27889A0-1016-402B-AB60-55F16267742D}.Release|Any CPU.Build.0 = Release|Any CPU
		{D22139C2-33F2-4D0A-8C02-45D249CAE58F}.Debug|Any CPU.ActiveCfg = Debug|Any CPU
		{D22139C2-33F2-4D0A-8C02-45D249CAE58F}.Debug|Any CPU.Build.0 = Debug|Any CPU
		{D22139C2-33F2-4D0A-8C02-45D249CAE58F}.Release|Any CPU.ActiveCfg = Release|Any CPU
		{D22139C2-33F2-4D0A-8C02-45D249CAE58F}.Release|Any CPU.Build.0 = Release|Any CPU
		{2C8228F4-AB42-4299-BD88-E6564B80AC67}.Debug|Any CPU.ActiveCfg = Debug|Any CPU
		{2C8228F4-AB42-4299-BD88-E6564B80AC67}.Debug|Any CPU.Build.0 = Debug|Any CPU
		{2C8228F4-AB42-4299-BD88-E6564B80AC67}.Release|Any CPU.ActiveCfg = Release|Any CPU
		{2C8228F4-AB42-4299-BD88-E6564B80AC67}.Release|Any CPU.Build.0 = Release|Any CPU
		{E346D455-FD70-4036-BFF0-B4EE45CA5297}.Debug|Any CPU.ActiveCfg = Debug|Any CPU
		{E346D455-FD70-4036-BFF0-B4EE45CA5297}.Debug|Any CPU.Build.0 = Debug|Any CPU
		{E346D455-FD70-4036-BFF0-B4EE45CA5297}.Release|Any CPU.ActiveCfg = Release|Any CPU
		{E346D455-FD70-4036-BFF0-B4EE45CA5297}.Release|Any CPU.Build.0 = Release|Any CPU
		{D0018C13-7DB6-4CED-82D8-43C78B1DF6CF}.Debug|Any CPU.ActiveCfg = Debug|Any CPU
		{D0018C13-7DB6-4CED-82D8-43C78B1DF6CF}.Debug|Any CPU.Build.0 = Debug|Any CPU
		{D0018C13-7DB6-4CED-82D8-43C78B1DF6CF}.Release|Any CPU.ActiveCfg = Release|Any CPU
		{D0018C13-7DB6-4CED-82D8-43C78B1DF6CF}.Release|Any CPU.Build.0 = Release|Any CPU
		{D57EF631-98BD-47C1-ADB2-34025E418DCA}.Debug|Any CPU.ActiveCfg = Debug|Any CPU
		{D57EF631-98BD-47C1-ADB2-34025E418DCA}.Debug|Any CPU.Build.0 = Debug|Any CPU
		{D57EF631-98BD-47C1-ADB2-34025E418DCA}.Release|Any CPU.ActiveCfg = Release|Any CPU
		{D57EF631-98BD-47C1-ADB2-34025E418DCA}.Release|Any CPU.Build.0 = Release|Any CPU
		{B7BD0B0E-9BE1-406B-8DA7-0A1A8CD165EE}.Debug|Any CPU.ActiveCfg = Debug|Any CPU
		{B7BD0B0E-9BE1-406B-8DA7-0A1A8CD165EE}.Debug|Any CPU.Build.0 = Debug|Any CPU
		{B7BD0B0E-9BE1-406B-8DA7-0A1A8CD165EE}.Release|Any CPU.ActiveCfg = Release|Any CPU
		{B7BD0B0E-9BE1-406B-8DA7-0A1A8CD165EE}.Release|Any CPU.Build.0 = Release|Any CPU
		{095E6C32-078C-4B29-AC4A-BA7141E35F0D}.Debug|Any CPU.ActiveCfg = Debug|Any CPU
		{095E6C32-078C-4B29-AC4A-BA7141E35F0D}.Debug|Any CPU.Build.0 = Debug|Any CPU
		{095E6C32-078C-4B29-AC4A-BA7141E35F0D}.Release|Any CPU.ActiveCfg = Release|Any CPU
		{095E6C32-078C-4B29-AC4A-BA7141E35F0D}.Release|Any CPU.Build.0 = Release|Any CPU
		{13C255D4-453E-42FF-B7D2-56625A973847}.Debug|Any CPU.ActiveCfg = Debug|Any CPU
		{13C255D4-453E-42FF-B7D2-56625A973847}.Debug|Any CPU.Build.0 = Debug|Any CPU
		{13C255D4-453E-42FF-B7D2-56625A973847}.Release|Any CPU.ActiveCfg = Release|Any CPU
		{13C255D4-453E-42FF-B7D2-56625A973847}.Release|Any CPU.Build.0 = Release|Any CPU
		{D441DAB1-C034-45A3-B8EC-A44F7E64D010}.Debug|Any CPU.ActiveCfg = Debug|Any CPU
		{D441DAB1-C034-45A3-B8EC-A44F7E64D010}.Debug|Any CPU.Build.0 = Debug|Any CPU
		{D441DAB1-C034-45A3-B8EC-A44F7E64D010}.Release|Any CPU.ActiveCfg = Release|Any CPU
		{D441DAB1-C034-45A3-B8EC-A44F7E64D010}.Release|Any CPU.Build.0 = Release|Any CPU
		{CD4F7C81-7E12-403A-ABAB-D1C332F6FD5E}.Debug|Any CPU.ActiveCfg = Debug|Any CPU
		{CD4F7C81-7E12-403A-ABAB-D1C332F6FD5E}.Debug|Any CPU.Build.0 = Debug|Any CPU
		{CD4F7C81-7E12-403A-ABAB-D1C332F6FD5E}.Release|Any CPU.ActiveCfg = Release|Any CPU
		{CD4F7C81-7E12-403A-ABAB-D1C332F6FD5E}.Release|Any CPU.Build.0 = Release|Any CPU
		{3C928140-CF6C-46CC-9B53-F53C6A58483A}.Debug|Any CPU.ActiveCfg = Debug|Any CPU
		{3C928140-CF6C-46CC-9B53-F53C6A58483A}.Debug|Any CPU.Build.0 = Debug|Any CPU
		{3C928140-CF6C-46CC-9B53-F53C6A58483A}.Release|Any CPU.ActiveCfg = Release|Any CPU
		{3C928140-CF6C-46CC-9B53-F53C6A58483A}.Release|Any CPU.Build.0 = Release|Any CPU
		{130EBB38-4022-4A6B-8E16-879A617F5BFA}.Debug|Any CPU.ActiveCfg = Debug|Any CPU
		{130EBB38-4022-4A6B-8E16-879A617F5BFA}.Debug|Any CPU.Build.0 = Debug|Any CPU
		{130EBB38-4022-4A6B-8E16-879A617F5BFA}.Release|Any CPU.ActiveCfg = Release|Any CPU
		{130EBB38-4022-4A6B-8E16-879A617F5BFA}.Release|Any CPU.Build.0 = Release|Any CPU
		{2EB0608B-0470-4FCD-B44A-8BD086C8D546}.Debug|Any CPU.ActiveCfg = Debug|Any CPU
		{2EB0608B-0470-4FCD-B44A-8BD086C8D546}.Debug|Any CPU.Build.0 = Debug|Any CPU
		{2EB0608B-0470-4FCD-B44A-8BD086C8D546}.Release|Any CPU.ActiveCfg = Release|Any CPU
		{2EB0608B-0470-4FCD-B44A-8BD086C8D546}.Release|Any CPU.Build.0 = Release|Any CPU
		{F1C1286F-FD83-4794-9CF6-6BDFBFEAFD3C}.Debug|Any CPU.ActiveCfg = Debug|Any CPU
		{F1C1286F-FD83-4794-9CF6-6BDFBFEAFD3C}.Debug|Any CPU.Build.0 = Debug|Any CPU
		{F1C1286F-FD83-4794-9CF6-6BDFBFEAFD3C}.Release|Any CPU.ActiveCfg = Release|Any CPU
		{F1C1286F-FD83-4794-9CF6-6BDFBFEAFD3C}.Release|Any CPU.Build.0 = Release|Any CPU
		{890B0A76-EB18-4521-838C-8F6296167010}.Debug|Any CPU.ActiveCfg = Debug|Any CPU
		{890B0A76-EB18-4521-838C-8F6296167010}.Debug|Any CPU.Build.0 = Debug|Any CPU
		{890B0A76-EB18-4521-838C-8F6296167010}.Release|Any CPU.ActiveCfg = Release|Any CPU
		{890B0A76-EB18-4521-838C-8F6296167010}.Release|Any CPU.Build.0 = Release|Any CPU
		{8E6ECBC1-BA3D-4683-ADCC-672617872AD7}.Debug|Any CPU.ActiveCfg = Debug|Any CPU
		{8E6ECBC1-BA3D-4683-ADCC-672617872AD7}.Debug|Any CPU.Build.0 = Debug|Any CPU
		{8E6ECBC1-BA3D-4683-ADCC-672617872AD7}.Release|Any CPU.ActiveCfg = Release|Any CPU
		{8E6ECBC1-BA3D-4683-ADCC-672617872AD7}.Release|Any CPU.Build.0 = Release|Any CPU
		{15D415AF-8DC8-4500-83FF-843A234A74F2}.Debug|Any CPU.ActiveCfg = Debug|Any CPU
		{15D415AF-8DC8-4500-83FF-843A234A74F2}.Debug|Any CPU.Build.0 = Debug|Any CPU
		{15D415AF-8DC8-4500-83FF-843A234A74F2}.Release|Any CPU.ActiveCfg = Release|Any CPU
		{15D415AF-8DC8-4500-83FF-843A234A74F2}.Release|Any CPU.Build.0 = Release|Any CPU
		{A1FD71D6-18B1-4064-A06F-13F09FE4BED6}.Debug|Any CPU.ActiveCfg = Debug|Any CPU
		{A1FD71D6-18B1-4064-A06F-13F09FE4BED6}.Debug|Any CPU.Build.0 = Debug|Any CPU
		{A1FD71D6-18B1-4064-A06F-13F09FE4BED6}.Release|Any CPU.ActiveCfg = Release|Any CPU
		{A1FD71D6-18B1-4064-A06F-13F09FE4BED6}.Release|Any CPU.Build.0 = Release|Any CPU
		{22F012C3-75FC-47A6-9539-1C76578BE731}.Debug|Any CPU.ActiveCfg = Debug|Any CPU
		{22F012C3-75FC-47A6-9539-1C76578BE731}.Debug|Any CPU.Build.0 = Debug|Any CPU
		{22F012C3-75FC-47A6-9539-1C76578BE731}.Release|Any CPU.ActiveCfg = Release|Any CPU
		{22F012C3-75FC-47A6-9539-1C76578BE731}.Release|Any CPU.Build.0 = Release|Any CPU
		{23C80478-9465-4E7A-914A-71FFAC2C0555}.Debug|Any CPU.ActiveCfg = Debug|Any CPU
		{23C80478-9465-4E7A-914A-71FFAC2C0555}.Debug|Any CPU.Build.0 = Debug|Any CPU
		{23C80478-9465-4E7A-914A-71FFAC2C0555}.Release|Any CPU.ActiveCfg = Release|Any CPU
		{23C80478-9465-4E7A-914A-71FFAC2C0555}.Release|Any CPU.Build.0 = Release|Any CPU
		{24E3AA98-BC1F-4690-88CF-D341847D3852}.Debug|Any CPU.ActiveCfg = Debug|Any CPU
		{24E3AA98-BC1F-4690-88CF-D341847D3852}.Debug|Any CPU.Build.0 = Debug|Any CPU
		{24E3AA98-BC1F-4690-88CF-D341847D3852}.Release|Any CPU.ActiveCfg = Release|Any CPU
		{24E3AA98-BC1F-4690-88CF-D341847D3852}.Release|Any CPU.Build.0 = Release|Any CPU
		{02EA2B92-A858-46F9-BF95-FED8E5AB36BA}.Debug|Any CPU.ActiveCfg = Debug|Any CPU
		{02EA2B92-A858-46F9-BF95-FED8E5AB36BA}.Debug|Any CPU.Build.0 = Debug|Any CPU
		{02EA2B92-A858-46F9-BF95-FED8E5AB36BA}.Release|Any CPU.ActiveCfg = Release|Any CPU
		{02EA2B92-A858-46F9-BF95-FED8E5AB36BA}.Release|Any CPU.Build.0 = Release|Any CPU
		{FB4F0529-DEA0-40CE-AD5E-648142C9FD20}.Debug|Any CPU.ActiveCfg = Debug|Any CPU
		{FB4F0529-DEA0-40CE-AD5E-648142C9FD20}.Debug|Any CPU.Build.0 = Debug|Any CPU
		{FB4F0529-DEA0-40CE-AD5E-648142C9FD20}.Release|Any CPU.ActiveCfg = Release|Any CPU
		{FB4F0529-DEA0-40CE-AD5E-648142C9FD20}.Release|Any CPU.Build.0 = Release|Any CPU
	EndGlobalSection
EndGlobal
